
Microsoft Visual Studio Solution File, Format Version 12.00
Project("{FAE04EC0-301F-11D3-BF4B-00C04F79EFBC}") = "core.net_service", "core.net_service\core.net_service.csproj", "{870A37B4-03BB-4C82-A527-A097312AB627}"
EndProject
Global
	GlobalSection(SolutionConfigurationPlatforms) = preSolution
		Debug|Any CPU = Debug|Any CPU
		Release|Any CPU = Release|Any CPU
	EndGlobalSection
	GlobalSection(ProjectConfigurationPlatforms) = postSolution
		{870A37B4-03BB-4C82-A527-A097312AB627}.Debug|Any CPU.ActiveCfg = Debug|Any CPU
		{870A37B4-03BB-4C82-A527-A097312AB627}.Debug|Any CPU.Build.0 = Debug|Any CPU
		{870A37B4-03BB-4C82-A527-A097312AB627}.Release|Any CPU.ActiveCfg = Release|Any CPU
		{870A37B4-03BB-4C82-A527-A097312AB627}.Release|Any CPU.Build.0 = Release|Any CPU
	EndGlobalSection
EndGlobal
